// !$*UTF8*$!
{
	archiveVersion = 1;
	classes = {
	};
	objectVersion = 46;
	objects = {

/* Begin PBXBuildFile section */
		0ACC73EB1DA80C3A00BE7654 /* Singleton.swift in Sources */ = {isa = PBXBuildFile; fileRef = 0ACC73EA1DA80C3A00BE7654 /* Singleton.swift */; };
		0ADB4BBA1D637F61008CF654 /* ReactiveJSON.h in Headers */ = {isa = PBXBuildFile; fileRef = 0ACBF0311CAC3A2B00E4A915 /* ReactiveJSON.h */; settings = {ATTRIBUTES = (Public, ); }; };
		0ADB4BC41D638117008CF654 /* ReactiveJSON.framework in Frameworks */ = {isa = PBXBuildFile; fileRef = 0ADB4BB21D637F3C008CF654 /* ReactiveJSON.framework */; };
		0ADB4BCA1D63816E008CF654 /* Fixture.swift in Sources */ = {isa = PBXBuildFile; fileRef = 0ACBF04E1CAC47FF00E4A915 /* Fixture.swift */; };
		0ADB4BCB1D638171008CF654 /* users.json in Resources */ = {isa = PBXBuildFile; fileRef = 0A77F1911D4BBF9B0034BF5D /* users.json */; };
		0ADB4BCD1D638175008CF654 /* JSONRequestTests.swift in Sources */ = {isa = PBXBuildFile; fileRef = 0ACBF0441CAC43D100E4A915 /* JSONRequestTests.swift */; };
		0ADB4BCE1D638175008CF654 /* QueryParametersTests.swift in Sources */ = {isa = PBXBuildFile; fileRef = 0ACBF0451CAC43D100E4A915 /* QueryParametersTests.swift */; };
		0ADB4BCF1D638175008CF654 /* ResourceJSONTests.swift in Sources */ = {isa = PBXBuildFile; fileRef = 0A22CC0C1D22FC5200376962 /* ResourceJSONTests.swift */; };
		0ADB4BD01D638175008CF654 /* ServiceHostTypeTests.swift in Sources */ = {isa = PBXBuildFile; fileRef = 0ACBF04C1CAC465400E4A915 /* ServiceHostTypeTests.swift */; };
		0ADB4BD31D63860F008CF654 /* Enums.swift in Sources */ = {isa = PBXBuildFile; fileRef = 0AECB8291D5A3145003C0A70 /* Enums.swift */; };
		0ADB4BD41D63860F008CF654 /* Extensions.swift in Sources */ = {isa = PBXBuildFile; fileRef = 0AECB82C1D5A3337003C0A70 /* Extensions.swift */; };
		0ADB4BD51D63860F008CF654 /* Protocols.swift in Sources */ = {isa = PBXBuildFile; fileRef = 0AECB8261D5A2778003C0A70 /* Protocols.swift */; };
		0ADB4BD61D63860F008CF654 /* Entity.swift in Sources */ = {isa = PBXBuildFile; fileRef = 0A77F19D1D4BC31C0034BF5D /* Entity.swift */; };
		0ADB4BD71D63860F008CF654 /* JSONResource.swift in Sources */ = {isa = PBXBuildFile; fileRef = 0A77F18E1D4BB66F0034BF5D /* JSONResource.swift */; };
		0ADB4BD81D63860F008CF654 /* Mapping+RAC.swift in Sources */ = {isa = PBXBuildFile; fileRef = 0A77F18B1D4BB5350034BF5D /* Mapping+RAC.swift */; };
		0ADB4BD91D63860F008CF654 /* NetworkError.swift in Sources */ = {isa = PBXBuildFile; fileRef = 0A5351461CF5E7AF00A8214B /* NetworkError.swift */; };
/* End PBXBuildFile section */

/* Begin PBXContainerItemProxy section */
		0ADB4BC51D638117008CF654 /* PBXContainerItemProxy */ = {
			isa = PBXContainerItemProxy;
			containerPortal = 0A1C179E1CAC36C700BEA3B8 /* Project object */;
			proxyType = 1;
			remoteGlobalIDString = 0ADB4BB11D637F3C008CF654;
			remoteInfo = ReactiveJSON;
		};
/* End PBXContainerItemProxy section */

/* Begin PBXFileReference section */
		0A22CC0C1D22FC5200376962 /* ResourceJSONTests.swift */ = {isa = PBXFileReference; fileEncoding = 4; lastKnownFileType = sourcecode.swift; path = ResourceJSONTests.swift; sourceTree = "<group>"; };
		0A5351461CF5E7AF00A8214B /* NetworkError.swift */ = {isa = PBXFileReference; fileEncoding = 4; lastKnownFileType = sourcecode.swift; path = NetworkError.swift; sourceTree = "<group>"; };
		0A77F18B1D4BB5350034BF5D /* Mapping+RAC.swift */ = {isa = PBXFileReference; fileEncoding = 4; lastKnownFileType = sourcecode.swift; path = "Mapping+RAC.swift"; sourceTree = "<group>"; };
		0A77F18E1D4BB66F0034BF5D /* JSONResource.swift */ = {isa = PBXFileReference; fileEncoding = 4; lastKnownFileType = sourcecode.swift; path = JSONResource.swift; sourceTree = "<group>"; };
		0A77F1911D4BBF9B0034BF5D /* users.json */ = {isa = PBXFileReference; fileEncoding = 4; lastKnownFileType = text.json; path = users.json; sourceTree = "<group>"; };
		0A77F19D1D4BC31C0034BF5D /* Entity.swift */ = {isa = PBXFileReference; fileEncoding = 4; lastKnownFileType = sourcecode.swift; path = Entity.swift; sourceTree = "<group>"; };
		0A9900821D3C20AB00E31891 /* README.md */ = {isa = PBXFileReference; fileEncoding = 4; lastKnownFileType = net.daringfireball.markdown; path = README.md; sourceTree = "<group>"; };
		0ACBF0311CAC3A2B00E4A915 /* ReactiveJSON.h */ = {isa = PBXFileReference; fileEncoding = 4; lastKnownFileType = sourcecode.c.h; name = ReactiveJSON.h; path = ../ReactiveJSON.h; sourceTree = "<group>"; };
		0ACBF0441CAC43D100E4A915 /* JSONRequestTests.swift */ = {isa = PBXFileReference; fileEncoding = 4; lastKnownFileType = sourcecode.swift; path = JSONRequestTests.swift; sourceTree = "<group>"; };
		0ACBF0451CAC43D100E4A915 /* QueryParametersTests.swift */ = {isa = PBXFileReference; fileEncoding = 4; lastKnownFileType = sourcecode.swift; path = QueryParametersTests.swift; sourceTree = "<group>"; };
		0ACBF04C1CAC465400E4A915 /* ServiceHostTypeTests.swift */ = {isa = PBXFileReference; fileEncoding = 4; lastKnownFileType = sourcecode.swift; path = ServiceHostTypeTests.swift; sourceTree = "<group>"; };
		0ACBF04E1CAC47FF00E4A915 /* Fixture.swift */ = {isa = PBXFileReference; fileEncoding = 4; lastKnownFileType = sourcecode.swift; path = Fixture.swift; sourceTree = "<group>"; };
		0ACC73EA1DA80C3A00BE7654 /* Singleton.swift */ = {isa = PBXFileReference; fileEncoding = 4; lastKnownFileType = sourcecode.swift; path = Singleton.swift; sourceTree = "<group>"; };
		0ADB4BB21D637F3C008CF654 /* ReactiveJSON.framework */ = {isa = PBXFileReference; explicitFileType = wrapper.framework; includeInIndex = 0; path = ReactiveJSON.framework; sourceTree = BUILT_PRODUCTS_DIR; };
		0ADB4BBF1D638117008CF654 /* ReactiveJSONTests.xctest */ = {isa = PBXFileReference; explicitFileType = wrapper.cfbundle; includeInIndex = 0; path = ReactiveJSONTests.xctest; sourceTree = BUILT_PRODUCTS_DIR; };
		0ADB4BD11D6382E8008CF654 /* Carthage.xcconfig */ = {isa = PBXFileReference; lastKnownFileType = text.xcconfig; path = Carthage.xcconfig; sourceTree = "<group>"; };
		0AECB8261D5A2778003C0A70 /* Protocols.swift */ = {isa = PBXFileReference; fileEncoding = 4; lastKnownFileType = sourcecode.swift; path = Protocols.swift; sourceTree = "<group>"; };
		0AECB8291D5A3145003C0A70 /* Enums.swift */ = {isa = PBXFileReference; fileEncoding = 4; lastKnownFileType = sourcecode.swift; path = Enums.swift; sourceTree = "<group>"; };
		0AECB82C1D5A3337003C0A70 /* Extensions.swift */ = {isa = PBXFileReference; fileEncoding = 4; lastKnownFileType = sourcecode.swift; path = Extensions.swift; sourceTree = "<group>"; };
/* End PBXFileReference section */

/* Begin PBXFrameworksBuildPhase section */
		0ADB4BAE1D637F3C008CF654 /* Frameworks */ = {
			isa = PBXFrameworksBuildPhase;
			buildActionMask = 2147483647;
			files = (
			);
			runOnlyForDeploymentPostprocessing = 0;
		};
		0ADB4BBC1D638117008CF654 /* Frameworks */ = {
			isa = PBXFrameworksBuildPhase;
			buildActionMask = 2147483647;
			files = (
				0ADB4BC41D638117008CF654 /* ReactiveJSON.framework in Frameworks */,
			);
			runOnlyForDeploymentPostprocessing = 0;
		};
/* End PBXFrameworksBuildPhase section */

/* Begin PBXGroup section */
		0A1C179D1CAC36C700BEA3B8 = {
			isa = PBXGroup;
			children = (
				0A9900821D3C20AB00E31891 /* README.md */,
				0ADB4BD11D6382E8008CF654 /* Carthage.xcconfig */,
				0ACBF0331CAC3A3300E4A915 /* ReactiveJSON */,
				0A1C17B71CAC387600BEA3B8 /* Tests */,
				0A1C17AA1CAC387600BEA3B8 /* Products */,
			);
			sourceTree = "<group>";
		};
		0A1C17AA1CAC387600BEA3B8 /* Products */ = {
			isa = PBXGroup;
			children = (
				0ADB4BB21D637F3C008CF654 /* ReactiveJSON.framework */,
				0ADB4BBF1D638117008CF654 /* ReactiveJSONTests.xctest */,
			);
			name = Products;
			sourceTree = "<group>";
		};
		0A1C17B71CAC387600BEA3B8 /* Tests */ = {
			isa = PBXGroup;
			children = (
				0AF594901D3A720600C1F11B /* Fixtures */,
				0ACBF0441CAC43D100E4A915 /* JSONRequestTests.swift */,
				0ACBF0451CAC43D100E4A915 /* QueryParametersTests.swift */,
				0A22CC0C1D22FC5200376962 /* ResourceJSONTests.swift */,
				0ACBF04C1CAC465400E4A915 /* ServiceHostTypeTests.swift */,
			);
			path = Tests;
			sourceTree = "<group>";
		};
		0ACBF0331CAC3A3300E4A915 /* ReactiveJSON */ = {
			isa = PBXGroup;
			children = (
				0ACBF0311CAC3A2B00E4A915 /* ReactiveJSON.h */,
				0AECB8291D5A3145003C0A70 /* Enums.swift */,
				0AECB82C1D5A3337003C0A70 /* Extensions.swift */,
				0AECB8261D5A2778003C0A70 /* Protocols.swift */,
				0A77F19D1D4BC31C0034BF5D /* Entity.swift */,
				0A77F18E1D4BB66F0034BF5D /* JSONResource.swift */,
				0A77F18B1D4BB5350034BF5D /* Mapping+RAC.swift */,
				0A5351461CF5E7AF00A8214B /* NetworkError.swift */,
				0ACC73EA1DA80C3A00BE7654 /* Singleton.swift */,
			);
			name = ReactiveJSON;
			path = Source;
			sourceTree = "<group>";
		};
		0AF594901D3A720600C1F11B /* Fixtures */ = {
			isa = PBXGroup;
			children = (
				0ACBF04E1CAC47FF00E4A915 /* Fixture.swift */,
				0A77F1911D4BBF9B0034BF5D /* users.json */,
			);
			path = Fixtures;
			sourceTree = "<group>";
		};
/* End PBXGroup section */

/* Begin PBXHeadersBuildPhase section */
		0ADB4BAF1D637F3C008CF654 /* Headers */ = {
			isa = PBXHeadersBuildPhase;
			buildActionMask = 2147483647;
			files = (
				0ADB4BBA1D637F61008CF654 /* ReactiveJSON.h in Headers */,
			);
			runOnlyForDeploymentPostprocessing = 0;
		};
/* End PBXHeadersBuildPhase section */

/* Begin PBXNativeTarget section */
		0ADB4BB11D637F3C008CF654 /* ReactiveJSON */ = {
			isa = PBXNativeTarget;
			buildConfigurationList = 0ADB4BB91D637F3D008CF654 /* Build configuration list for PBXNativeTarget "ReactiveJSON" */;
			buildPhases = (
				0ADB4BAD1D637F3C008CF654 /* Sources */,
				0ADB4BAE1D637F3C008CF654 /* Frameworks */,
				0ADB4BAF1D637F3C008CF654 /* Headers */,
				0ADB4BB01D637F3C008CF654 /* Resources */,
			);
			buildRules = (
			);
			dependencies = (
			);
			name = ReactiveJSON;
			productName = ReactiveJSON;
			productReference = 0ADB4BB21D637F3C008CF654 /* ReactiveJSON.framework */;
			productType = "com.apple.product-type.framework";
		};
		0ADB4BBE1D638117008CF654 /* ReactiveJSONTests */ = {
			isa = PBXNativeTarget;
			buildConfigurationList = 0ADB4BC71D638117008CF654 /* Build configuration list for PBXNativeTarget "ReactiveJSONTests" */;
			buildPhases = (
				0ADB4BBB1D638117008CF654 /* Sources */,
				0ADB4BBC1D638117008CF654 /* Frameworks */,
				0ADB4BBD1D638117008CF654 /* Resources */,
				0ADB4BD21D6383DB008CF654 /* ShellScript */,
			);
			buildRules = (
			);
			dependencies = (
				0ADB4BC61D638117008CF654 /* PBXTargetDependency */,
			);
			name = ReactiveJSONTests;
			productName = ReactiveJSONTests;
			productReference = 0ADB4BBF1D638117008CF654 /* ReactiveJSONTests.xctest */;
			productType = "com.apple.product-type.bundle.unit-test";
		};
/* End PBXNativeTarget section */

/* Begin PBXProject section */
		0A1C179E1CAC36C700BEA3B8 /* Project object */ = {
			isa = PBXProject;
			attributes = {
				LastSwiftUpdateCheck = 0730;
				LastUpgradeCheck = 0730;
				TargetAttributes = {
					0ADB4BB11D637F3C008CF654 = {
						CreatedOnToolsVersion = 7.3.1;
					};
					0ADB4BBE1D638117008CF654 = {
						CreatedOnToolsVersion = 7.3.1;
					};
				};
			};
			buildConfigurationList = 0A1C17A11CAC36C700BEA3B8 /* Build configuration list for PBXProject "ReactiveJSON" */;
			compatibilityVersion = "Xcode 3.2";
			developmentRegion = English;
			hasScannedForEncodings = 0;
			knownRegions = (
				en,
			);
			mainGroup = 0A1C179D1CAC36C700BEA3B8;
			productRefGroup = 0A1C17AA1CAC387600BEA3B8 /* Products */;
			projectDirPath = "";
			projectRoot = "";
			targets = (
				0ADB4BB11D637F3C008CF654 /* ReactiveJSON */,
				0ADB4BBE1D638117008CF654 /* ReactiveJSONTests */,
			);
		};
/* End PBXProject section */

/* Begin PBXResourcesBuildPhase section */
		0ADB4BB01D637F3C008CF654 /* Resources */ = {
			isa = PBXResourcesBuildPhase;
			buildActionMask = 2147483647;
			files = (
			);
			runOnlyForDeploymentPostprocessing = 0;
		};
		0ADB4BBD1D638117008CF654 /* Resources */ = {
			isa = PBXResourcesBuildPhase;
			buildActionMask = 2147483647;
			files = (
				0ADB4BCB1D638171008CF654 /* users.json in Resources */,
			);
			runOnlyForDeploymentPostprocessing = 0;
		};
/* End PBXResourcesBuildPhase section */

/* Begin PBXShellScriptBuildPhase section */
		0ADB4BD21D6383DB008CF654 /* ShellScript */ = {
			isa = PBXShellScriptBuildPhase;
			buildActionMask = 2147483647;
			files = (
			);
			inputPaths = (
				ReactiveCocoa,
				Result,
				Nimble,
				Quick,
			);
			outputPaths = (
			);
			runOnlyForDeploymentPostprocessing = 0;
			shellPath = /bin/sh;
			shellScript = "case \"$PLATFORM_NAME\" in\nmacosx) plat=Mac;;\niphone*) plat=iOS;;\nwatch*) plat=watchOS;;\ntv*) plat=tvOS;;\n*) echo \"error: Unknown PLATFORM_NAME: $PLATFORM_NAME\"; exit 1;;\nesac\nfor (( n = 0; n < SCRIPT_INPUT_FILE_COUNT; n++ )); do\nVAR=SCRIPT_INPUT_FILE_$n\nframework=$(basename \"${!VAR}\")\nexport SCRIPT_INPUT_FILE_$n=\"$SRCROOT\"/Carthage/Build/$plat/\"$framework\".framework\ndone\n\n/usr/local/bin/carthage copy-frameworks || exit\n\nfor (( n = 0; n < SCRIPT_INPUT_FILE_COUNT; n++ )); do\nVAR=SCRIPT_INPUT_FILE_$n\nsource=${!VAR}.dSYM\ndest=${BUILT_PRODUCTS_DIR}/$(basename \"$source\")\nditto \"$source\" \"$dest\" || exit\ndone";
		};
/* End PBXShellScriptBuildPhase section */

/* Begin PBXSourcesBuildPhase section */
		0ADB4BAD1D637F3C008CF654 /* Sources */ = {
			isa = PBXSourcesBuildPhase;
			buildActionMask = 2147483647;
			files = (
				0ADB4BD61D63860F008CF654 /* Entity.swift in Sources */,
				0ADB4BD91D63860F008CF654 /* NetworkError.swift in Sources */,
				0ADB4BD71D63860F008CF654 /* JSONResource.swift in Sources */,
				0ADB4BD51D63860F008CF654 /* Protocols.swift in Sources */,
				0ADB4BD81D63860F008CF654 /* Mapping+RAC.swift in Sources */,
				0ACC73EB1DA80C3A00BE7654 /* Singleton.swift in Sources */,
				0ADB4BD31D63860F008CF654 /* Enums.swift in Sources */,
				0ADB4BD41D63860F008CF654 /* Extensions.swift in Sources */,
			);
			runOnlyForDeploymentPostprocessing = 0;
		};
		0ADB4BBB1D638117008CF654 /* Sources */ = {
			isa = PBXSourcesBuildPhase;
			buildActionMask = 2147483647;
			files = (
				0ADB4BCA1D63816E008CF654 /* Fixture.swift in Sources */,
				0ADB4BCE1D638175008CF654 /* QueryParametersTests.swift in Sources */,
				0ADB4BCD1D638175008CF654 /* JSONRequestTests.swift in Sources */,
				0ADB4BCF1D638175008CF654 /* ResourceJSONTests.swift in Sources */,
				0ADB4BD01D638175008CF654 /* ServiceHostTypeTests.swift in Sources */,
			);
			runOnlyForDeploymentPostprocessing = 0;
		};
/* End PBXSourcesBuildPhase section */

/* Begin PBXTargetDependency section */
		0ADB4BC61D638117008CF654 /* PBXTargetDependency */ = {
			isa = PBXTargetDependency;
			target = 0ADB4BB11D637F3C008CF654 /* ReactiveJSON */;
			targetProxy = 0ADB4BC51D638117008CF654 /* PBXContainerItemProxy */;
		};
/* End PBXTargetDependency section */

/* Begin XCBuildConfiguration section */
		0A1C17A21CAC36C700BEA3B8 /* Debug */ = {
			isa = XCBuildConfiguration;
			baseConfigurationReference = 0ADB4BD11D6382E8008CF654 /* Carthage.xcconfig */;
			buildSettings = {
				ENABLE_TESTABILITY = YES;
				IPHONEOS_DEPLOYMENT_TARGET = 8.0;
				MACOSX_DEPLOYMENT_TARGET = 10.10;
				ONLY_ACTIVE_ARCH = YES;
				RESOURCES_TARGETED_DEVICE_FAMILY = "1,2,3,4";
				SUPPORTED_PLATFORMS = "macosx iphoneos appletvos watchos appletvsimulator iphonesimulator watchsimulator";
				SWIFT_VERSION = 2.3;
				TVOS_DEPLOYMENT_TARGET = 9.0;
				WATCHOS_DEPLOYMENT_TARGET = 2.0;
			};
			name = Debug;
		};
		0A1C17A31CAC36C700BEA3B8 /* Release */ = {
			isa = XCBuildConfiguration;
			baseConfigurationReference = 0ADB4BD11D6382E8008CF654 /* Carthage.xcconfig */;
			buildSettings = {
				IPHONEOS_DEPLOYMENT_TARGET = 8.0;
				MACOSX_DEPLOYMENT_TARGET = 10.10;
				RESOURCES_TARGETED_DEVICE_FAMILY = "1,2,3,4";
				SUPPORTED_PLATFORMS = "macosx iphoneos appletvos watchos appletvsimulator iphonesimulator watchsimulator";
				SWIFT_VERSION = 2.3;
				TVOS_DEPLOYMENT_TARGET = 9.0;
				WATCHOS_DEPLOYMENT_TARGET = 2.0;
			};
			name = Release;
		};
		0ADB4BB71D637F3D008CF654 /* Debug */ = {
			isa = XCBuildConfiguration;
			buildSettings = {
				ALWAYS_SEARCH_USER_PATHS = NO;
				CLANG_ANALYZER_NONNULL = YES;
				CLANG_CXX_LANGUAGE_STANDARD = "gnu++0x";
				CLANG_CXX_LIBRARY = "libc++";
				CLANG_ENABLE_MODULES = YES;
				CLANG_ENABLE_OBJC_ARC = YES;
				CLANG_WARN_BOOL_CONVERSION = YES;
				CLANG_WARN_CONSTANT_CONVERSION = YES;
				CLANG_WARN_DIRECT_OBJC_ISA_USAGE = YES_ERROR;
				CLANG_WARN_EMPTY_BODY = YES;
				CLANG_WARN_ENUM_CONVERSION = YES;
				CLANG_WARN_INT_CONVERSION = YES;
				CLANG_WARN_OBJC_ROOT_CLASS = YES_ERROR;
				CLANG_WARN_UNREACHABLE_CODE = YES;
				CLANG_WARN__DUPLICATE_METHOD_MATCH = YES;
				CODE_SIGN_IDENTITY = "-";
				COMBINE_HIDPI_IMAGES = YES;
				COPY_PHASE_STRIP = NO;
				CURRENT_PROJECT_VERSION = 1;
				DEBUG_INFORMATION_FORMAT = dwarf;
				DEFINES_MODULE = YES;
				DYLIB_COMPATIBILITY_VERSION = 1;
				DYLIB_CURRENT_VERSION = 1;
				DYLIB_INSTALL_NAME_BASE = "@rpath";
				ENABLE_STRICT_OBJC_MSGSEND = YES;
				FRAMEWORK_VERSION = A;
				GCC_C_LANGUAGE_STANDARD = gnu99;
				GCC_DYNAMIC_NO_PIC = NO;
				GCC_NO_COMMON_BLOCKS = YES;
				GCC_OPTIMIZATION_LEVEL = 0;
				GCC_PREPROCESSOR_DEFINITIONS = (
					"DEBUG=1",
					"$(inherited)",
				);
				GCC_WARN_64_TO_32_BIT_CONVERSION = YES;
				GCC_WARN_ABOUT_RETURN_TYPE = YES_ERROR;
				GCC_WARN_UNDECLARED_SELECTOR = YES;
				GCC_WARN_UNINITIALIZED_AUTOS = YES_AGGRESSIVE;
				GCC_WARN_UNUSED_FUNCTION = YES;
				GCC_WARN_UNUSED_VARIABLE = YES;
				INFOPLIST_FILE = Info.plist;
				INSTALL_PATH = "$(LOCAL_LIBRARY_DIR)/Frameworks";
				LD_RUNPATH_SEARCH_PATHS = "$(inherited) @executable_path/Frameworks @loader_path/Frameworks";
				"LD_RUNPATH_SEARCH_PATHS[sdk=macosx*]" = "$(inherited) @executable_path/../Frameworks @loader_path/../Frameworks";
				MTL_ENABLE_DEBUG_INFO = YES;
				PRODUCT_BUNDLE_IDENTIFIER = com.kevinvitale.ReactiveJSON;
				PRODUCT_NAME = "$(TARGET_NAME)";
				SKIP_INSTALL = YES;
				SUPPORTED_PLATFORMS = "macosx iphoneos appletvos watchos appletvsimulator iphonesimulator watchsimulator";
				SWIFT_OPTIMIZATION_LEVEL = "-Onone";
				VERSIONING_SYSTEM = "apple-generic";
				VERSION_INFO_PREFIX = "";
			};
			name = Debug;
		};
		0ADB4BB81D637F3D008CF654 /* Release */ = {
			isa = XCBuildConfiguration;
			buildSettings = {
				ALWAYS_SEARCH_USER_PATHS = NO;
				CLANG_ANALYZER_NONNULL = YES;
				CLANG_CXX_LANGUAGE_STANDARD = "gnu++0x";
				CLANG_CXX_LIBRARY = "libc++";
				CLANG_ENABLE_MODULES = YES;
				CLANG_ENABLE_OBJC_ARC = YES;
				CLANG_WARN_BOOL_CONVERSION = YES;
				CLANG_WARN_CONSTANT_CONVERSION = YES;
				CLANG_WARN_DIRECT_OBJC_ISA_USAGE = YES_ERROR;
				CLANG_WARN_EMPTY_BODY = YES;
				CLANG_WARN_ENUM_CONVERSION = YES;
				CLANG_WARN_INT_CONVERSION = YES;
				CLANG_WARN_OBJC_ROOT_CLASS = YES_ERROR;
				CLANG_WARN_UNREACHABLE_CODE = YES;
				CLANG_WARN__DUPLICATE_METHOD_MATCH = YES;
				CODE_SIGN_IDENTITY = "-";
				COMBINE_HIDPI_IMAGES = YES;
				COPY_PHASE_STRIP = NO;
				CURRENT_PROJECT_VERSION = 1;
				DEBUG_INFORMATION_FORMAT = "dwarf-with-dsym";
				DEFINES_MODULE = YES;
				DYLIB_COMPATIBILITY_VERSION = 1;
				DYLIB_CURRENT_VERSION = 1;
				DYLIB_INSTALL_NAME_BASE = "@rpath";
				ENABLE_NS_ASSERTIONS = NO;
				ENABLE_STRICT_OBJC_MSGSEND = YES;
				FRAMEWORK_VERSION = A;
				GCC_C_LANGUAGE_STANDARD = gnu99;
				GCC_NO_COMMON_BLOCKS = YES;
				GCC_WARN_64_TO_32_BIT_CONVERSION = YES;
				GCC_WARN_ABOUT_RETURN_TYPE = YES_ERROR;
				GCC_WARN_UNDECLARED_SELECTOR = YES;
				GCC_WARN_UNINITIALIZED_AUTOS = YES_AGGRESSIVE;
				GCC_WARN_UNUSED_FUNCTION = YES;
				GCC_WARN_UNUSED_VARIABLE = YES;
				INFOPLIST_FILE = Info.plist;
				INSTALL_PATH = "$(LOCAL_LIBRARY_DIR)/Frameworks";
				LD_RUNPATH_SEARCH_PATHS = "@executable_path/Frameworks @loader_path/Frameworks";
				"LD_RUNPATH_SEARCH_PATHS[sdk=macosx*]" = "$(inherited) @executable_path/../Frameworks @loader_path/../Frameworks";
				MTL_ENABLE_DEBUG_INFO = NO;
				PRODUCT_BUNDLE_IDENTIFIER = com.kevinvitale.ReactiveJSON;
				PRODUCT_NAME = "$(TARGET_NAME)";
				SKIP_INSTALL = YES;
				SUPPORTED_PLATFORMS = "macosx iphoneos appletvos watchos appletvsimulator iphonesimulator watchsimulator";
				VERSIONING_SYSTEM = "apple-generic";
				VERSION_INFO_PREFIX = "";
			};
			name = Release;
		};
		0ADB4BC81D638117008CF654 /* Debug */ = {
			isa = XCBuildConfiguration;
			buildSettings = {
				ALWAYS_SEARCH_USER_PATHS = NO;
				CLANG_ANALYZER_NONNULL = YES;
				CLANG_CXX_LANGUAGE_STANDARD = "gnu++0x";
				CLANG_CXX_LIBRARY = "libc++";
				CLANG_ENABLE_MODULES = YES;
				CLANG_ENABLE_OBJC_ARC = YES;
				CLANG_WARN_BOOL_CONVERSION = YES;
				CLANG_WARN_CONSTANT_CONVERSION = YES;
				CLANG_WARN_DIRECT_OBJC_ISA_USAGE = YES_ERROR;
				CLANG_WARN_EMPTY_BODY = YES;
				CLANG_WARN_ENUM_CONVERSION = YES;
				CLANG_WARN_INT_CONVERSION = YES;
				CLANG_WARN_OBJC_ROOT_CLASS = YES_ERROR;
				CLANG_WARN_UNREACHABLE_CODE = YES;
				CLANG_WARN__DUPLICATE_METHOD_MATCH = YES;
				CODE_SIGN_IDENTITY = "-";
				COMBINE_HIDPI_IMAGES = YES;
				COPY_PHASE_STRIP = NO;
				DEBUG_INFORMATION_FORMAT = dwarf;
				ENABLE_STRICT_OBJC_MSGSEND = YES;
				GCC_C_LANGUAGE_STANDARD = gnu99;
				GCC_DYNAMIC_NO_PIC = NO;
				GCC_NO_COMMON_BLOCKS = YES;
				GCC_OPTIMIZATION_LEVEL = 0;
				GCC_PREPROCESSOR_DEFINITIONS = (
					"DEBUG=1",
					"$(inherited)",
				);
				GCC_WARN_64_TO_32_BIT_CONVERSION = YES;
				GCC_WARN_ABOUT_RETURN_TYPE = YES_ERROR;
				GCC_WARN_UNDECLARED_SELECTOR = YES;
				GCC_WARN_UNINITIALIZED_AUTOS = YES_AGGRESSIVE;
				GCC_WARN_UNUSED_FUNCTION = YES;
				GCC_WARN_UNUSED_VARIABLE = YES;
				INFOPLIST_FILE = ReactiveJSONTests/Info.plist;
				LD_RUNPATH_SEARCH_PATHS = "$(inherited) @executable_path/../Frameworks @loader_path/../Frameworks @executable_path/Frameworks @loader_path/Frameworks";
				MTL_ENABLE_DEBUG_INFO = YES;
				PRODUCT_BUNDLE_IDENTIFIER = com.kevinvitale.ReactiveJSONTests;
				PRODUCT_NAME = "$(TARGET_NAME)";
				SDKROOT = macosx;
				SWIFT_OPTIMIZATION_LEVEL = "-Onone";
			};
			name = Debug;
		};
		0ADB4BC91D638117008CF654 /* Release */ = {
			isa = XCBuildConfiguration;
			buildSettings = {
				ALWAYS_SEARCH_USER_PATHS = NO;
				CLANG_ANALYZER_NONNULL = YES;
				CLANG_CXX_LANGUAGE_STANDARD = "gnu++0x";
				CLANG_CXX_LIBRARY = "libc++";
				CLANG_ENABLE_MODULES = YES;
				CLANG_ENABLE_OBJC_ARC = YES;
				CLANG_WARN_BOOL_CONVERSION = YES;
				CLANG_WARN_CONSTANT_CONVERSION = YES;
				CLANG_WARN_DIRECT_OBJC_ISA_USAGE = YES_ERROR;
				CLANG_WARN_EMPTY_BODY = YES;
				CLANG_WARN_ENUM_CONVERSION = YES;
				CLANG_WARN_INT_CONVERSION = YES;
				CLANG_WARN_OBJC_ROOT_CLASS = YES_ERROR;
				CLANG_WARN_UNREACHABLE_CODE = YES;
				CLANG_WARN__DUPLICATE_METHOD_MATCH = YES;
				CODE_SIGN_IDENTITY = "-";
				COMBINE_HIDPI_IMAGES = YES;
				COPY_PHASE_STRIP = NO;
				DEBUG_INFORMATION_FORMAT = "dwarf-with-dsym";
				ENABLE_NS_ASSERTIONS = NO;
				ENABLE_STRICT_OBJC_MSGSEND = YES;
				GCC_C_LANGUAGE_STANDARD = gnu99;
				GCC_NO_COMMON_BLOCKS = YES;
				GCC_WARN_64_TO_32_BIT_CONVERSION = YES;
				GCC_WARN_ABOUT_RETURN_TYPE = YES_ERROR;
				GCC_WARN_UNDECLARED_SELECTOR = YES;
				GCC_WARN_UNINITIALIZED_AUTOS = YES_AGGRESSIVE;
				GCC_WARN_UNUSED_FUNCTION = YES;
				GCC_WARN_UNUSED_VARIABLE = YES;
				INFOPLIST_FILE = ReactiveJSONTests/Info.plist;
				LD_RUNPATH_SEARCH_PATHS = "$(inherited) @executable_path/../Frameworks @loader_path/../Frameworks @executable_path/Frameworks @loader_path/Frameworks";
				MTL_ENABLE_DEBUG_INFO = NO;
				PRODUCT_BUNDLE_IDENTIFIER = com.kevinvitale.ReactiveJSONTests;
				PRODUCT_NAME = "$(TARGET_NAME)";
				SDKROOT = macosx;
			};
			name = Release;
		};
/* End XCBuildConfiguration section */

/* Begin XCConfigurationList section */
		0A1C17A11CAC36C700BEA3B8 /* Build configuration list for PBXProject "ReactiveJSON" */ = {
			isa = XCConfigurationList;
			buildConfigurations = (
				0A1C17A21CAC36C700BEA3B8 /* Debug */,
				0A1C17A31CAC36C700BEA3B8 /* Release */,
			);
			defaultConfigurationIsVisible = 0;
			defaultConfigurationName = Release;
		};
		0ADB4BB91D637F3D008CF654 /* Build configuration list for PBXNativeTarget "ReactiveJSON" */ = {
			isa = XCConfigurationList;
			buildConfigurations = (
				0ADB4BB71D637F3D008CF654 /* Debug */,
				0ADB4BB81D637F3D008CF654 /* Release */,
			);
			defaultConfigurationIsVisible = 0;
			defaultConfigurationName = Release;
		};
		0ADB4BC71D638117008CF654 /* Build configuration list for PBXNativeTarget "ReactiveJSONTests" */ = {
			isa = XCConfigurationList;
			buildConfigurations = (
				0ADB4BC81D638117008CF654 /* Debug */,
				0ADB4BC91D638117008CF654 /* Release */,
			);
			defaultConfigurationIsVisible = 0;
			defaultConfigurationName = Release;
		};
/* End XCConfigurationList section */
	};
	rootObject = 0A1C179E1CAC36C700BEA3B8 /* Project object */;
}
